
Microsoft Visual Studio Solution File, Format Version 12.00
# Visual Studio Version 17
VisualStudioVersion = 17.0.32126.317
MinimumVisualStudioVersion = 10.0.40219.1
Project("{FAE04EC0-301F-11D3-BF4B-00C04F79EFBC}") = "Server", "Server\Server.csproj", "{F5255344-456C-42F6-AA84-97D83D04ECD5}"
EndProject
Project("{FAE04EC0-301F-11D3-BF4B-00C04F79EFBC}") = "Host", "Host\Host.csproj", "{D78465CA-CFA6-4CCF-9CFB-8FFF500519A2}"
EndProject
Project("{FAE04EC0-301F-11D3-BF4B-00C04F79EFBC}") = "Client", "Client\Client.csproj", "{C688BFD1-4BE2-48B2-B990-701620D1125A}"
EndProject
Global
	GlobalSection(SolutionConfigurationPlatforms) = preSolution
		Debug|Any CPU = Debug|Any CPU
		Release|Any CPU = Release|Any CPU
	EndGlobalSection
	GlobalSection(ProjectConfigurationPlatforms) = postSolution
		{F5255344-456C-42F6-AA84-97D83D04ECD5}.Debug|Any CPU.ActiveCfg = Debug|Any CPU
		{F5255344-456C-42F6-AA84-97D83D04ECD5}.Debug|Any CPU.Build.0 = Debug|Any CPU
		{F5255344-456C-42F6-AA84-97D83D04ECD5}.Release|Any CPU.ActiveCfg = Release|Any CPU
		{F5255344-456C-42F6-AA84-97D83D04ECD5}.Release|Any CPU.Build.0 = Release|Any CPU
		{D78465CA-CFA6-4CCF-9CFB-8FFF500519A2}.Debug|Any CPU.ActiveCfg = Debug|Any CPU
		{D78465CA-CFA6-4CCF-9CFB-8FFF500519A2}.Debug|Any CPU.Build.0 = Debug|Any CPU
		{D78465CA-CFA6-4CCF-9CFB-8FFF500519A2}.Release|Any CPU.ActiveCfg = Release|Any CPU
		{D78465CA-CFA6-4CCF-9CFB-8FFF500519A2}.Release|Any CPU.Build.0 = Release|Any CPU
		{C688BFD1-4BE2-48B2-B990-701620D1125A}.Debug|Any CPU.ActiveCfg = Debug|Any CPU
		{C688BFD1-4BE2-48B2-B990-701620D1125A}.Debug|Any CPU.Build.0 = Debug|Any CPU
		{C688BFD1-4BE2-48B2-B990-701620D1125A}.Release|Any CPU.ActiveCfg = Release|Any CPU
		{C688BFD1-4BE2-48B2-B990-701620D1125A}.Release|Any CPU.Build.0 = Release|Any CPU
	EndGlobalSection
	GlobalSection(SolutionProperties) = preSolution
		HideSolutionNode = FALSE
	EndGlobalSection
	GlobalSection(ExtensibilityGlobals) = postSolution
		SolutionGuid = {DB877F2D-5E5D-4010-A522-C42C7A5CED4B}
	EndGlobalSection
EndGlobal
