
Microsoft Visual Studio Solution File, Format Version 12.00
# Visual Studio Version 17
VisualStudioVersion = 17.0.32126.317
MinimumVisualStudioVersion = 10.0.40219.1
Project("{E24C65DC-7377-472B-9ABA-BC803B73C61A}") = "WCFService", "WCFService\", "{3D8AF17D-54E2-480B-8B43-E43754515FEB}"
	ProjectSection(WebsiteProperties) = preProject
		TargetFrameworkMoniker = ".NETFramework,Version%3Dv4.8"
		Debug.AspNetCompiler.VirtualPath = "/localhost_62355"
		Debug.AspNetCompiler.PhysicalPath = "WCFService\"
		Debug.AspNetCompiler.TargetPath = "PrecompiledWeb\localhost_62355\"
		Debug.AspNetCompiler.Updateable = "true"
		Debug.AspNetCompiler.ForceOverwrite = "true"
		Debug.AspNetCompiler.FixedNames = "false"
		Debug.AspNetCompiler.Debug = "True"
		Release.AspNetCompiler.VirtualPath = "/localhost_62355"
		Release.AspNetCompiler.PhysicalPath = "WCFService\"
		Release.AspNetCompiler.TargetPath = "PrecompiledWeb\localhost_62355\"
		Release.AspNetCompiler.Updateable = "true"
		Release.AspNetCompiler.ForceOverwrite = "true"
		Release.AspNetCompiler.FixedNames = "false"
		Release.AspNetCompiler.Debug = "False"
		VWDPort = "62355"
		SlnRelativePath = "WCFService\"
		DefaultWebSiteLanguage = "Visual C#"
	EndProjectSection
EndProject
Project("{FAE04EC0-301F-11D3-BF4B-00C04F79EFBC}") = "Client", "Client\Client.csproj", "{4AB5D494-C36C-4684-8C78-D5CCADAA6E87}"
	ProjectSection(ProjectDependencies) = postProject
		{3D8AF17D-54E2-480B-8B43-E43754515FEB} = {3D8AF17D-54E2-480B-8B43-E43754515FEB}
	EndProjectSection
EndProject
Global
	GlobalSection(SolutionConfigurationPlatforms) = preSolution
		Debug|Any CPU = Debug|Any CPU
		Release|Any CPU = Release|Any CPU
	EndGlobalSection
	GlobalSection(ProjectConfigurationPlatforms) = postSolution
		{3D8AF17D-54E2-480B-8B43-E43754515FEB}.Debug|Any CPU.ActiveCfg = Debug|Any CPU
		{3D8AF17D-54E2-480B-8B43-E43754515FEB}.Debug|Any CPU.Build.0 = Debug|Any CPU
		{3D8AF17D-54E2-480B-8B43-E43754515FEB}.Release|Any CPU.ActiveCfg = Debug|Any CPU
		{3D8AF17D-54E2-480B-8B43-E43754515FEB}.Release|Any CPU.Build.0 = Debug|Any CPU
		{4AB5D494-C36C-4684-8C78-D5CCADAA6E87}.Debug|Any CPU.ActiveCfg = Debug|Any CPU
		{4AB5D494-C36C-4684-8C78-D5CCADAA6E87}.Debug|Any CPU.Build.0 = Debug|Any CPU
		{4AB5D494-C36C-4684-8C78-D5CCADAA6E87}.Release|Any CPU.ActiveCfg = Release|Any CPU
		{4AB5D494-C36C-4684-8C78-D5CCADAA6E87}.Release|Any CPU.Build.0 = Release|Any CPU
	EndGlobalSection
	GlobalSection(SolutionProperties) = preSolution
		HideSolutionNode = FALSE
	EndGlobalSection
	GlobalSection(ExtensibilityGlobals) = postSolution
		SolutionGuid = {BFD2DD2F-5688-4118-B96C-7904625D2886}
	EndGlobalSection
EndGlobal
